
Microsoft Visual Studio Solution File, Format Version 12.00
# Visual Studio Version 16
VisualStudioVersion = 16.0.29306.81
MinimumVisualStudioVersion = 10.0.40219.1
Project("{FAE04EC0-301F-11D3-BF4B-00C04F79EFBC}") = "EViPHomeWork1", "EViPHomeWork1.csproj", "{A879A4AB-90DB-42A8-82C7-AB1C70F5ED89}"
EndProject
Global
	GlobalSection(SolutionConfigurationPlatforms) = preSolution
		Debug|Any CPU = Debug|Any CPU
		Release|Any CPU = Release|Any CPU
	EndGlobalSection
	GlobalSection(ProjectConfigurationPlatforms) = postSolution
		{A879A4AB-90DB-42A8-82C7-AB1C70F5ED89}.Debug|Any CPU.ActiveCfg = Debug|Any CPU
		{A879A4AB-90DB-42A8-82C7-AB1C70F5ED89}.Debug|Any CPU.Build.0 = Debug|Any CPU
		{A879A4AB-90DB-42A8-82C7-AB1C70F5ED89}.Release|Any CPU.ActiveCfg = Release|Any CPU
		{A879A4AB-90DB-42A8-82C7-AB1C70F5ED89}.Release|Any CPU.Build.0 = Release|Any CPU
	EndGlobalSection
	GlobalSection(SolutionProperties) = preSolution
		HideSolutionNode = FALSE
	EndGlobalSection
	GlobalSection(ExtensibilityGlobals) = postSolution
		SolutionGuid = {8E989B4E-6589-4F79-B3CC-90F3FD037170}
	EndGlobalSection
EndGlobal
